<?xml version="1.0" encoding="utf-8"?>
<Project ToolsVersion="4.0" xmlns="http://schemas.microsoft.com/developer/msbuild/2003">
  <ItemGroup>
    <ClInclude Include="pch.h" />
    <ClInclude Include="testutils\ProblemTest.h" />
    <ClInclude Include="487\Solver487B.h" />
  </ItemGroup>
  <ItemGroup>
    <ClCompile Include="pch.cpp" />
    <ClCompile Include="testutils\ProblemTest.cpp" />
    <ClCompile Include="487\Solver487B.cpp" />
  </ItemGroup>
</Project>