<?xml version="1.0" encoding="utf-8"?>
<Project ToolsVersion="4.0" xmlns="http://schemas.microsoft.com/developer/msbuild/2003">
  <ItemGroup>
    <ClInclude Include="pch.h" />
    <ClInclude Include="testutils\ProblemTest.h" />
    <ClInclude Include="4xx\487\Solver487B.h" />
    <ClInclude Include="4xx\487\Solver487D.h" />
    <ClInclude Include="5xx\578\Solver578A.h" />
    <ClInclude Include="5xx\578\Solver578B.h" />
    <ClInclude Include="5xx\579\Solver579A.h" />
    <ClInclude Include="5xx\579\Solver579B.h" />
    <ClInclude Include="5xx\580\Solver580A.h" />
    <ClInclude Include="5xx\580\Solver580B.h" />
    <ClInclude Include="5xx\580\Solver580C.h" />
    <ClInclude Include="5xx\580\Solver580D.h" />
    <ClInclude Include="5xx\581\Solver581A.h" />
    <ClInclude Include="5xx\581\Solver581B.h" />
    <ClInclude Include="5xx\581\Solver581C.h" />
    <ClInclude Include="5xx\581\Solver581D.h" />
    <ClInclude Include="6xx\603\Solver603A.h" />
    <ClInclude Include="6xx\603\Solver603B.h" />
    <ClInclude Include="6xx\603\Solver603C.h" />
    <ClInclude Include="6xx\605\Solver605B.h" />
  </ItemGroup>
  <ItemGroup>
    <ClCompile Include="pch.cpp" />
    <ClCompile Include="testutils\ProblemTest.cpp" />
    <ClCompile Include="SolverStub.cpp" />
    <ClCompile Include="4xx\468\Solver468A.cpp" />
    <ClCompile Include="4xx\468\Solver468B.cpp" />
    <ClCompile Include="4xx\476\Solver476C.cpp" />
    <ClCompile Include="4xx\476\Solver476D.cpp" />
    <ClCompile Include="4xx\476\Solver476E.cpp" />
    <ClCompile Include="4xx\482\Solver482A.cpp" />
    <ClCompile Include="4xx\482\Solver482B.cpp" />
    <ClCompile Include="4xx\482\Solver482D.cpp" />
    <ClCompile Include="4xx\484\Solver484A.cpp" />
    <ClCompile Include="4xx\484\Solver484B.cpp" />
    <ClCompile Include="4xx\484\Solver484C.cpp" />
    <ClCompile Include="4xx\484\Solver484D.cpp" />
    <ClCompile Include="4xx\487\Solver487B.cpp" />
    <ClCompile Include="4xx\487\Solver487D.cpp" />
    <ClCompile Include="4xx\494\Solver494A.cpp" />
    <ClCompile Include="4xx\494\Solver494B.cpp" />
    <ClCompile Include="4xx\496\Solver496C.cpp" />
    <ClCompile Include="4xx\496\Solver496D.cpp" />
    <ClCompile Include="4xx\496\Solver496E.cpp" />
    <ClCompile Include="4xx\497\Solver497D.cpp" />
    <ClCompile Include="4xx\498\Solver498A.cpp" />
    <ClCompile Include="4xx\498\Solver498B.cpp" />
    <ClCompile Include="4xx\498\Solver498C.cpp" />
    <ClCompile Include="4xx\498\Solver498D.cpp" />
    <ClCompile Include="5xx\500\Solver500A.cpp" />
    <ClCompile Include="5xx\500\Solver500B.cpp" />
    <ClCompile Include="5xx\500\Solver500C.cpp" />
    <ClCompile Include="5xx\500\Solver500D.cpp" />
    <ClCompile Include="5xx\505\Solver505C.cpp" />
    <ClCompile Include="5xx\578\Solver578A.cpp" />
    <ClCompile Include="5xx\578\Solver578B.cpp" />
    <ClCompile Include="5xx\579\Solver579A.cpp" />
    <ClCompile Include="5xx\579\Solver579B.cpp" />
    <ClCompile Include="5xx\580\Solver580A.cpp" />
    <ClCompile Include="5xx\580\Solver580B.cpp" />
    <ClCompile Include="5xx\580\Solver580C.cpp" />
    <ClCompile Include="5xx\580\Solver580D.cpp" />
    <ClCompile Include="5xx\581\Solver581A.cpp" />
    <ClCompile Include="5xx\581\Solver581B.cpp" />
    <ClCompile Include="5xx\581\Solver581C.cpp" />
    <ClCompile Include="5xx\581\Solver581D.cpp" />
    <ClCompile Include="5xx\587\Solver87C.cpp" />
    <ClCompile Include="5xx\587\Solver587A.cpp" />
    <ClCompile Include="5xx\590\Solver590A.cpp" />
    <ClCompile Include="5xx\590\Solver590B.cpp" />
    <ClCompile Include="5xx\590\Solver590C.cpp" />
    <ClCompile Include="6xx\603\Solver603A.cpp" />
    <ClCompile Include="6xx\603\Solver603B.cpp" />
    <ClCompile Include="6xx\603\Solver603C.cpp" />
    <ClCompile Include="6xx\605\Solver605A.cpp" />
    <ClCompile Include="6xx\605\Solver605B.cpp" />
    <ClCompile Include="6xx\605\Solver605C.cpp" />
    <ClCompile Include="6xx\609\Solver609A.cpp" />
    <ClCompile Include="6xx\609\Solver609B.cpp" />
    <ClCompile Include="6xx\609\Solver609C.cpp" />
    <ClCompile Include="6xx\611\Solver611A.cpp" />
    <ClCompile Include="6xx\611\Solver611B.cpp" />
    <ClCompile Include="6xx\611\Solver611C.cpp" />
    <ClCompile Include="6xx\611\Solver611D.cpp" />
    <ClCompile Include="6xx\611\Solver611E.cpp" />
    <ClCompile Include="6xx\611\Solver611F.cpp" />
    <ClCompile Include="6xx\611\Solver611H.cpp" />
    <ClCompile Include="6xx\612\Solver612A.cpp" />
    <ClCompile Include="6xx\612\Solver612B.cpp" />
    <ClCompile Include="6xx\612\Solver612C.cpp" />
    <ClCompile Include="6xx\612\Solver612D.cpp" />
    <ClCompile Include="6xx\612\Solver612E.cpp" />
    <ClCompile Include="0xx\071\Solver071C.cpp" />
    <ClCompile Include="4xx\417\Solver417A.cpp" />
    <ClCompile Include="5xx\568\Solver568B.cpp" />
    <ClCompile Include="5xx\566\Solver566F.cpp" />
    <ClCompile Include="2xx\245\Solver245H.cpp" />
    <ClCompile Include="1xx\107\Solver107B.cpp" />
    <ClCompile Include="0xx\022\Solver022B.cpp" />
    <ClCompile Include="1xx\163\Solver163A.cpp" />
    <ClCompile Include="3xx\358\Solver358D.cpp" />
    <ClCompile Include="5xx\571\Solver571B.cpp" />
    <ClCompile Include="5xx\597\Solver597B.cpp" />
    <ClCompile Include="5xx\509\Solver509C.cpp" />
    <ClCompile Include="4xx\432\Solver432D.cpp" />
    <ClCompile Include="1xx\158\Solver158E.cpp" />
    <ClCompile Include="5xx\524\Solver524B.cpp" />
    <ClCompile Include="3xx\351\Solver351B.cpp" />
    <ClCompile Include="3xx\316\Solver316B.cpp" />
    <ClCompile Include="3xx\354\Solver354C.cpp" />
    <ClCompile Include="4xx\486\Solver486D.cpp" />
    <ClCompile Include="4xx\402\Solver402D.cpp" />
    <ClCompile Include="3xx\321\Solver321B.cpp" />
    <ClCompile Include="5xx\533\Solver533E.cpp" />
    <ClCompile Include="3xx\372\Solver372B.cpp" />
    <ClCompile Include="4xx\401\Solver401D.cpp" />
    <ClCompile Include="1xx\132\Solver132C.cpp" />
    <ClCompile Include="0xx\014\Solver014D.cpp" />
    <ClCompile Include="3xx\346\Solver346B.cpp" />
    <ClCompile Include="3xx\379\Solver379D.cpp" />
    <ClCompile Include="4xx\464\Solver464C.cpp" />
    <ClCompile Include="5xx\507\Solver507E.cpp" />
    <ClCompile Include="0xx\074\Solver074B.cpp" />
    <ClCompile Include="0xx\067\Solver067A.cpp" />
    <ClCompile Include="2xx\292\Solver292D.cpp" />
    <ClCompile Include="3xx\374\Solver374C.cpp" />
    <ClCompile Include="0xx\079\Solver079C.cpp" />
    <ClCompile Include="4xx\431\Solver431D.cpp" />
    <ClCompile Include="5xx\592\Solver592D.cpp" />
    <ClCompile Include="5xx\552\Solver552E.cpp" />
    <ClCompile Include="4xx\474\Solver474E.cpp" />
    <ClCompile Include="4xx\489\Solver489F.cpp" />
    <ClCompile Include="2xx\264\Solver264C.cpp" />
    <ClCompile Include="2xx\208\Solver208B.cpp" />
    <ClCompile Include="6xx\615\Solver615A.cpp" />
    <ClCompile Include="6xx\615\Solver615B.cpp" />
    <ClCompile Include="6xx\615\Solver615C.cpp" />
    <ClCompile Include="6xx\615\Solver615D.cpp" />
    <ClCompile Include="6xx\615\Solver615E.cpp" />
    <ClCompile Include="5xx\538\Solver538E.cpp" />
    <ClCompile Include="5xx\582\Solver582A.cpp" />
    <ClCompile Include="5xx\582\Solver582B.cpp" />
    <ClCompile Include="5xx\582\Solver582C.cpp" />
    <ClCompile Include="5xx\582\Solver582E.cpp" />
    <ClCompile Include="6xx\616\Solver616A.cpp" />
    <ClCompile Include="6xx\616\Solver616B.cpp" />
    <ClCompile Include="6xx\616\Solver616C.cpp" />
    <ClCompile Include="6xx\616\Solver616D.cpp" />
    <ClCompile Include="6xx\616\Solver616E.cpp" />
    <ClCompile Include="6xx\613\Solver613A.cpp" />
    <ClCompile Include="6xx\613\Solver613B.cpp" />
    <ClCompile Include="6xx\613\Solver613C.cpp" />
  </ItemGroup>
</Project>