<?xml version="1.0" encoding="utf-8"?>
<Project ToolsVersion="4.0" xmlns="http://schemas.microsoft.com/developer/msbuild/2003">
  <ItemGroup>
    <ClInclude Include="pch.h" />
    <ClInclude Include="testutils\ProblemTest.h" />
    <ClInclude Include="487\Solver487B.h" />
    <ClInclude Include="487\Solver487D.h" />
    <ClInclude Include="580\Solver580A.h" />
    <ClInclude Include="580\Solver580B.h" />
    <ClInclude Include="580\Solver580C.h" />
    <ClInclude Include="580\Solver580D.h" />
    <ClInclude Include="581\Solver581A.h" />
    <ClInclude Include="581\Solver581B.h" />
    <ClInclude Include="581\Solver581C.h" />
    <ClInclude Include="581\Solver581D.h" />
    <ClInclude Include="579\Solver579A.h" />
    <ClInclude Include="579\Solver579B.h" />
    <ClInclude Include="578\Solver578A.h" />
    <ClInclude Include="578\Solver578B.h" />
    <ClInclude Include="605\Solver605A.h" />
    <ClInclude Include="605\Solver605B.h" />
    <ClInclude Include="605\Solver605C.h" />
    <ClInclude Include="603\Solver603A.h" />
    <ClInclude Include="603\Solver603B.h" />
    <ClInclude Include="603\Solver603C.h" />
  </ItemGroup>
  <ItemGroup>
    <ClCompile Include="pch.cpp" />
    <ClCompile Include="testutils\ProblemTest.cpp" />
    <ClCompile Include="487\Solver487B.cpp" />
    <ClCompile Include="487\Solver487D.cpp" />
    <ClCompile Include="580\Solver580A.cpp" />
    <ClCompile Include="580\Solver580B.cpp" />
    <ClCompile Include="580\Solver580C.cpp" />
    <ClCompile Include="580\Solver580D.cpp" />
    <ClCompile Include="581\Solver581A.cpp" />
    <ClCompile Include="581\Solver581B.cpp" />
    <ClCompile Include="581\Solver581C.cpp" />
    <ClCompile Include="581\Solver581D.cpp" />
    <ClCompile Include="579\Solver579A.cpp" />
    <ClCompile Include="579\Solver579B.cpp" />
    <ClCompile Include="578\Solver578A.cpp" />
    <ClCompile Include="578\Solver578B.cpp" />
    <ClCompile Include="605\Solver605A.cpp" />
    <ClCompile Include="605\Solver605B.cpp" />
    <ClCompile Include="605\Solver605C.cpp" />
    <ClCompile Include="590\Solver590A.cpp" />
    <ClCompile Include="590\Solver590C.cpp" />
    <ClCompile Include="590\Solver590B.cpp" />
    <ClCompile Include="609\Solver609A.cpp" />
    <ClCompile Include="609\Solver609B.cpp" />
    <ClCompile Include="609\Solver609C.cpp" />
    <ClCompile Include="612\Solver612A.cpp" />
    <ClCompile Include="612\Solver612B.cpp" />
    <ClCompile Include="612\Solver612D.cpp" />
    <ClCompile Include="612\Solver612C.cpp" />
    <ClCompile Include="612\Solver612E.cpp" />
    <ClCompile Include="603\Solver603A.cpp" />
    <ClCompile Include="603\Solver603B.cpp" />
    <ClCompile Include="603\Solver603C.cpp" />
    <ClCompile Include="587\Solver87C.cpp" />
    <ClCompile Include="587\Solver587A.cpp" />
    <ClCompile Include="468\Solver468A.cpp" />
    <ClCompile Include="468\Solver468B.cpp" />
  </ItemGroup>
</Project>