
Microsoft Visual Studio Solution File, Format Version 12.00
# Visual Studio 2013
VisualStudioVersion = 12.0.31101.0
MinimumVisualStudioVersion = 10.0.40219.1
Project("{8BC9CEB8-8B4A-11D0-8D11-00A0C91BC942}") = "Algo", "algo\algo.vcxproj", "{3FD3D8BB-4975-4C21-88AE-ACB68E2BF1D4}"
EndProject
Project("{2150E333-8FDC-42A3-9474-1A3956D46DE8}") = "282", "282", "{7CD4B5FC-A284-4222-994B-7203D403AEA4}"
EndProject
Project("{8BC9CEB8-8B4A-11D0-8D11-00A0C91BC942}") = "282A", "282\282A\282A.vcxproj", "{1F5BD72B-67E2-49A0-A0BB-0C98E350D19A}"
EndProject
Project("{8BC9CEB8-8B4A-11D0-8D11-00A0C91BC942}") = "282B", "282\282B\282B.vcxproj", "{A8498F12-6C4A-47EF-A154-FE15BF3BF030}"
EndProject
Project("{8BC9CEB8-8B4A-11D0-8D11-00A0C91BC942}") = "282C", "282\282C\282C.vcxproj", "{62566DBE-9598-4130-8372-8A25AA274EEA}"
EndProject
Project("{8BC9CEB8-8B4A-11D0-8D11-00A0C91BC942}") = "AlgoUnitTest", "AlgoUnitTest\AlgoUnitTest.vcxproj", "{B3D68A26-DDA5-4054-9593-E75D30ABA4FA}"
EndProject
Project("{2150E333-8FDC-42A3-9474-1A3956D46DE8}") = "283", "283", "{D2480D57-C7DE-43B4-8BB7-77D77A702E08}"
EndProject
Project("{2150E333-8FDC-42A3-9474-1A3956D46DE8}") = "487", "487", "{61C66B68-C0C2-4215-B96A-270071792FBA}"
EndProject
Project("{2150E333-8FDC-42A3-9474-1A3956D46DE8}") = "276", "276", "{341F8308-4F87-4F1C-9669-782D03B3F3C0}"
EndProject
Project("{8BC9CEB8-8B4A-11D0-8D11-00A0C91BC942}") = "276A", "276\276A\276A.vcxproj", "{66BC035E-1A26-48F1-BC0E-0B3A1E774C9F}"
EndProject
Project("{8BC9CEB8-8B4A-11D0-8D11-00A0C91BC942}") = "276B", "276\276B\276B.vcxproj", "{F8E98E70-FF46-423D-A396-F7FB3DBFC514}"
EndProject
Project("{8BC9CEB8-8B4A-11D0-8D11-00A0C91BC942}") = "276C", "276\276C\276C.vcxproj", "{EC9FF078-2D51-4065-AB4C-6B7C1D4B364E}"
EndProject
Project("{8BC9CEB8-8B4A-11D0-8D11-00A0C91BC942}") = "276D", "276\276D\276D.vcxproj", "{DE8BDFAB-DF16-4856-9247-617753480268}"
EndProject
Project("{2150E333-8FDC-42A3-9474-1A3956D46DE8}") = "275", "275", "{DF3BEA17-BF85-43BC-BB24-735B8217E43A}"
EndProject
Project("{8BC9CEB8-8B4A-11D0-8D11-00A0C91BC942}") = "275A", "275\275A\275A.vcxproj", "{600A0659-0E19-4EFC-AC0C-330F31EC7D44}"
EndProject
Project("{8BC9CEB8-8B4A-11D0-8D11-00A0C91BC942}") = "275B", "275\275B\275B.vcxproj", "{32CBE171-7837-437C-8047-449553531C98}"
EndProject
Project("{8BC9CEB8-8B4A-11D0-8D11-00A0C91BC942}") = "275D", "275\275D\275D.vcxproj", "{53B36288-74DE-46EB-BAF9-47293D880E80}"
EndProject
Project("{8BC9CEB8-8B4A-11D0-8D11-00A0C91BC942}") = "283A", "283\283A\283A.vcxproj", "{1D796810-9482-4F2D-9953-403E572BC70F}"
EndProject
Project("{8BC9CEB8-8B4A-11D0-8D11-00A0C91BC942}") = "283B", "283\283B\283B.vcxproj", "{F2AE3F42-7074-4C4C-AF42-534978E45A71}"
EndProject
Project("{8BC9CEB8-8B4A-11D0-8D11-00A0C91BC942}") = "283C", "283\283C\283C.vcxproj", "{4B9B22FF-4754-4D2A-ABF5-2AADB50B9592}"
EndProject
Project("{8BC9CEB8-8B4A-11D0-8D11-00A0C91BC942}") = "283D", "283\283D\283D.vcxproj", "{A4FE5201-3DAF-46DD-9A94-20008A0053EB}"
EndProject
Project("{8BC9CEB8-8B4A-11D0-8D11-00A0C91BC942}") = "487B", "487\487B\487B.vcxproj", "{BED54580-8583-462C-90A9-C7CFE61C0881}"
EndProject
Project("{8BC9CEB8-8B4A-11D0-8D11-00A0C91BC942}") = "487D", "487\487D\487D.vcxproj", "{AE9323D7-EEF7-4F6A-BEB8-0B8286DB92B2}"
EndProject
Project("{2150E333-8FDC-42A3-9474-1A3956D46DE8}") = "284", "284", "{A6DB6CB0-099A-4BEC-BBD4-3BE264D46FFB}"
EndProject
Project("{8BC9CEB8-8B4A-11D0-8D11-00A0C91BC942}") = "284A", "284\284A\284A.vcxproj", "{E843A269-3AFF-4964-8912-CC71D9B8D306}"
EndProject
Project("{8BC9CEB8-8B4A-11D0-8D11-00A0C91BC942}") = "284C", "284\284C\284C.vcxproj", "{2623DC43-0DF8-49C3-97DD-393F39301802}"
EndProject
Project("{8BC9CEB8-8B4A-11D0-8D11-00A0C91BC942}") = "284B", "284\284B\284B.vcxproj", "{F6443D27-6FD4-4911-9240-6BC61D8C3A4F}"
EndProject
Project("{8BC9CEB8-8B4A-11D0-8D11-00A0C91BC942}") = "284D", "284\284D\284D.vcxproj", "{3A9A7E25-99EF-4287-A4BD-F15A7C98C73C}"
EndProject
Global
	GlobalSection(SolutionConfigurationPlatforms) = preSolution
		Debug|Win32 = Debug|Win32
		Release|Win32 = Release|Win32
	EndGlobalSection
	GlobalSection(ProjectConfigurationPlatforms) = postSolution
		{3FD3D8BB-4975-4C21-88AE-ACB68E2BF1D4}.Debug|Win32.ActiveCfg = Debug|Win32
		{3FD3D8BB-4975-4C21-88AE-ACB68E2BF1D4}.Debug|Win32.Build.0 = Debug|Win32
		{3FD3D8BB-4975-4C21-88AE-ACB68E2BF1D4}.Release|Win32.ActiveCfg = Release|Win32
		{3FD3D8BB-4975-4C21-88AE-ACB68E2BF1D4}.Release|Win32.Build.0 = Release|Win32
		{1F5BD72B-67E2-49A0-A0BB-0C98E350D19A}.Debug|Win32.ActiveCfg = Debug|Win32
		{1F5BD72B-67E2-49A0-A0BB-0C98E350D19A}.Debug|Win32.Build.0 = Debug|Win32
		{1F5BD72B-67E2-49A0-A0BB-0C98E350D19A}.Release|Win32.ActiveCfg = Release|Win32
		{1F5BD72B-67E2-49A0-A0BB-0C98E350D19A}.Release|Win32.Build.0 = Release|Win32
		{A8498F12-6C4A-47EF-A154-FE15BF3BF030}.Debug|Win32.ActiveCfg = Debug|Win32
		{A8498F12-6C4A-47EF-A154-FE15BF3BF030}.Debug|Win32.Build.0 = Debug|Win32
		{A8498F12-6C4A-47EF-A154-FE15BF3BF030}.Release|Win32.ActiveCfg = Release|Win32
		{A8498F12-6C4A-47EF-A154-FE15BF3BF030}.Release|Win32.Build.0 = Release|Win32
		{62566DBE-9598-4130-8372-8A25AA274EEA}.Debug|Win32.ActiveCfg = Debug|Win32
		{62566DBE-9598-4130-8372-8A25AA274EEA}.Debug|Win32.Build.0 = Debug|Win32
		{62566DBE-9598-4130-8372-8A25AA274EEA}.Release|Win32.ActiveCfg = Release|Win32
		{62566DBE-9598-4130-8372-8A25AA274EEA}.Release|Win32.Build.0 = Release|Win32
		{B3D68A26-DDA5-4054-9593-E75D30ABA4FA}.Debug|Win32.ActiveCfg = Debug|Win32
		{B3D68A26-DDA5-4054-9593-E75D30ABA4FA}.Debug|Win32.Build.0 = Debug|Win32
		{B3D68A26-DDA5-4054-9593-E75D30ABA4FA}.Release|Win32.ActiveCfg = Release|Win32
		{B3D68A26-DDA5-4054-9593-E75D30ABA4FA}.Release|Win32.Build.0 = Release|Win32
		{66BC035E-1A26-48F1-BC0E-0B3A1E774C9F}.Debug|Win32.ActiveCfg = Debug|Win32
		{66BC035E-1A26-48F1-BC0E-0B3A1E774C9F}.Debug|Win32.Build.0 = Debug|Win32
		{66BC035E-1A26-48F1-BC0E-0B3A1E774C9F}.Release|Win32.ActiveCfg = Release|Win32
		{66BC035E-1A26-48F1-BC0E-0B3A1E774C9F}.Release|Win32.Build.0 = Release|Win32
		{F8E98E70-FF46-423D-A396-F7FB3DBFC514}.Debug|Win32.ActiveCfg = Debug|Win32
		{F8E98E70-FF46-423D-A396-F7FB3DBFC514}.Debug|Win32.Build.0 = Debug|Win32
		{F8E98E70-FF46-423D-A396-F7FB3DBFC514}.Release|Win32.ActiveCfg = Release|Win32
		{F8E98E70-FF46-423D-A396-F7FB3DBFC514}.Release|Win32.Build.0 = Release|Win32
		{EC9FF078-2D51-4065-AB4C-6B7C1D4B364E}.Debug|Win32.ActiveCfg = Debug|Win32
		{EC9FF078-2D51-4065-AB4C-6B7C1D4B364E}.Debug|Win32.Build.0 = Debug|Win32
		{EC9FF078-2D51-4065-AB4C-6B7C1D4B364E}.Release|Win32.ActiveCfg = Release|Win32
		{EC9FF078-2D51-4065-AB4C-6B7C1D4B364E}.Release|Win32.Build.0 = Release|Win32
		{DE8BDFAB-DF16-4856-9247-617753480268}.Debug|Win32.ActiveCfg = Debug|Win32
		{DE8BDFAB-DF16-4856-9247-617753480268}.Debug|Win32.Build.0 = Debug|Win32
		{DE8BDFAB-DF16-4856-9247-617753480268}.Release|Win32.ActiveCfg = Release|Win32
		{DE8BDFAB-DF16-4856-9247-617753480268}.Release|Win32.Build.0 = Release|Win32
		{600A0659-0E19-4EFC-AC0C-330F31EC7D44}.Debug|Win32.ActiveCfg = Debug|Win32
		{600A0659-0E19-4EFC-AC0C-330F31EC7D44}.Debug|Win32.Build.0 = Debug|Win32
		{600A0659-0E19-4EFC-AC0C-330F31EC7D44}.Release|Win32.ActiveCfg = Release|Win32
		{600A0659-0E19-4EFC-AC0C-330F31EC7D44}.Release|Win32.Build.0 = Release|Win32
		{32CBE171-7837-437C-8047-449553531C98}.Debug|Win32.ActiveCfg = Debug|Win32
		{32CBE171-7837-437C-8047-449553531C98}.Debug|Win32.Build.0 = Debug|Win32
		{32CBE171-7837-437C-8047-449553531C98}.Release|Win32.ActiveCfg = Release|Win32
		{32CBE171-7837-437C-8047-449553531C98}.Release|Win32.Build.0 = Release|Win32
		{53B36288-74DE-46EB-BAF9-47293D880E80}.Debug|Win32.ActiveCfg = Debug|Win32
		{53B36288-74DE-46EB-BAF9-47293D880E80}.Debug|Win32.Build.0 = Debug|Win32
		{53B36288-74DE-46EB-BAF9-47293D880E80}.Release|Win32.ActiveCfg = Release|Win32
		{53B36288-74DE-46EB-BAF9-47293D880E80}.Release|Win32.Build.0 = Release|Win32
		{1D796810-9482-4F2D-9953-403E572BC70F}.Debug|Win32.ActiveCfg = Debug|Win32
		{1D796810-9482-4F2D-9953-403E572BC70F}.Debug|Win32.Build.0 = Debug|Win32
		{1D796810-9482-4F2D-9953-403E572BC70F}.Release|Win32.ActiveCfg = Release|Win32
		{1D796810-9482-4F2D-9953-403E572BC70F}.Release|Win32.Build.0 = Release|Win32
		{F2AE3F42-7074-4C4C-AF42-534978E45A71}.Debug|Win32.ActiveCfg = Debug|Win32
		{F2AE3F42-7074-4C4C-AF42-534978E45A71}.Debug|Win32.Build.0 = Debug|Win32
		{F2AE3F42-7074-4C4C-AF42-534978E45A71}.Release|Win32.ActiveCfg = Release|Win32
		{F2AE3F42-7074-4C4C-AF42-534978E45A71}.Release|Win32.Build.0 = Release|Win32
		{4B9B22FF-4754-4D2A-ABF5-2AADB50B9592}.Debug|Win32.ActiveCfg = Debug|Win32
		{4B9B22FF-4754-4D2A-ABF5-2AADB50B9592}.Debug|Win32.Build.0 = Debug|Win32
		{4B9B22FF-4754-4D2A-ABF5-2AADB50B9592}.Release|Win32.ActiveCfg = Release|Win32
		{4B9B22FF-4754-4D2A-ABF5-2AADB50B9592}.Release|Win32.Build.0 = Release|Win32
		{A4FE5201-3DAF-46DD-9A94-20008A0053EB}.Debug|Win32.ActiveCfg = Debug|Win32
		{A4FE5201-3DAF-46DD-9A94-20008A0053EB}.Debug|Win32.Build.0 = Debug|Win32
		{A4FE5201-3DAF-46DD-9A94-20008A0053EB}.Release|Win32.ActiveCfg = Release|Win32
		{A4FE5201-3DAF-46DD-9A94-20008A0053EB}.Release|Win32.Build.0 = Release|Win32
		{BED54580-8583-462C-90A9-C7CFE61C0881}.Debug|Win32.ActiveCfg = Debug|Win32
		{BED54580-8583-462C-90A9-C7CFE61C0881}.Debug|Win32.Build.0 = Debug|Win32
		{BED54580-8583-462C-90A9-C7CFE61C0881}.Release|Win32.ActiveCfg = Release|Win32
		{BED54580-8583-462C-90A9-C7CFE61C0881}.Release|Win32.Build.0 = Release|Win32
		{AE9323D7-EEF7-4F6A-BEB8-0B8286DB92B2}.Debug|Win32.ActiveCfg = Debug|Win32
		{AE9323D7-EEF7-4F6A-BEB8-0B8286DB92B2}.Debug|Win32.Build.0 = Debug|Win32
		{AE9323D7-EEF7-4F6A-BEB8-0B8286DB92B2}.Release|Win32.ActiveCfg = Release|Win32
		{AE9323D7-EEF7-4F6A-BEB8-0B8286DB92B2}.Release|Win32.Build.0 = Release|Win32
		{E843A269-3AFF-4964-8912-CC71D9B8D306}.Debug|Win32.ActiveCfg = Debug|Win32
		{E843A269-3AFF-4964-8912-CC71D9B8D306}.Debug|Win32.Build.0 = Debug|Win32
		{E843A269-3AFF-4964-8912-CC71D9B8D306}.Release|Win32.ActiveCfg = Release|Win32
		{E843A269-3AFF-4964-8912-CC71D9B8D306}.Release|Win32.Build.0 = Release|Win32
		{2623DC43-0DF8-49C3-97DD-393F39301802}.Debug|Win32.ActiveCfg = Debug|Win32
		{2623DC43-0DF8-49C3-97DD-393F39301802}.Debug|Win32.Build.0 = Debug|Win32
		{2623DC43-0DF8-49C3-97DD-393F39301802}.Release|Win32.ActiveCfg = Release|Win32
		{2623DC43-0DF8-49C3-97DD-393F39301802}.Release|Win32.Build.0 = Release|Win32
		{F6443D27-6FD4-4911-9240-6BC61D8C3A4F}.Debug|Win32.ActiveCfg = Debug|Win32
		{F6443D27-6FD4-4911-9240-6BC61D8C3A4F}.Debug|Win32.Build.0 = Debug|Win32
		{F6443D27-6FD4-4911-9240-6BC61D8C3A4F}.Release|Win32.ActiveCfg = Release|Win32
		{F6443D27-6FD4-4911-9240-6BC61D8C3A4F}.Release|Win32.Build.0 = Release|Win32
		{3A9A7E25-99EF-4287-A4BD-F15A7C98C73C}.Debug|Win32.ActiveCfg = Debug|Win32
		{3A9A7E25-99EF-4287-A4BD-F15A7C98C73C}.Debug|Win32.Build.0 = Debug|Win32
		{3A9A7E25-99EF-4287-A4BD-F15A7C98C73C}.Release|Win32.ActiveCfg = Release|Win32
		{3A9A7E25-99EF-4287-A4BD-F15A7C98C73C}.Release|Win32.Build.0 = Release|Win32
	EndGlobalSection
	GlobalSection(SolutionProperties) = preSolution
		HideSolutionNode = FALSE
	EndGlobalSection
	GlobalSection(NestedProjects) = preSolution
		{1F5BD72B-67E2-49A0-A0BB-0C98E350D19A} = {7CD4B5FC-A284-4222-994B-7203D403AEA4}
		{A8498F12-6C4A-47EF-A154-FE15BF3BF030} = {7CD4B5FC-A284-4222-994B-7203D403AEA4}
		{62566DBE-9598-4130-8372-8A25AA274EEA} = {7CD4B5FC-A284-4222-994B-7203D403AEA4}
		{66BC035E-1A26-48F1-BC0E-0B3A1E774C9F} = {341F8308-4F87-4F1C-9669-782D03B3F3C0}
		{F8E98E70-FF46-423D-A396-F7FB3DBFC514} = {341F8308-4F87-4F1C-9669-782D03B3F3C0}
		{EC9FF078-2D51-4065-AB4C-6B7C1D4B364E} = {341F8308-4F87-4F1C-9669-782D03B3F3C0}
		{DE8BDFAB-DF16-4856-9247-617753480268} = {341F8308-4F87-4F1C-9669-782D03B3F3C0}
		{600A0659-0E19-4EFC-AC0C-330F31EC7D44} = {DF3BEA17-BF85-43BC-BB24-735B8217E43A}
		{32CBE171-7837-437C-8047-449553531C98} = {DF3BEA17-BF85-43BC-BB24-735B8217E43A}
		{53B36288-74DE-46EB-BAF9-47293D880E80} = {DF3BEA17-BF85-43BC-BB24-735B8217E43A}
		{1D796810-9482-4F2D-9953-403E572BC70F} = {D2480D57-C7DE-43B4-8BB7-77D77A702E08}
		{F2AE3F42-7074-4C4C-AF42-534978E45A71} = {D2480D57-C7DE-43B4-8BB7-77D77A702E08}
		{4B9B22FF-4754-4D2A-ABF5-2AADB50B9592} = {D2480D57-C7DE-43B4-8BB7-77D77A702E08}
		{A4FE5201-3DAF-46DD-9A94-20008A0053EB} = {D2480D57-C7DE-43B4-8BB7-77D77A702E08}
		{BED54580-8583-462C-90A9-C7CFE61C0881} = {61C66B68-C0C2-4215-B96A-270071792FBA}
		{AE9323D7-EEF7-4F6A-BEB8-0B8286DB92B2} = {61C66B68-C0C2-4215-B96A-270071792FBA}
		{E843A269-3AFF-4964-8912-CC71D9B8D306} = {A6DB6CB0-099A-4BEC-BBD4-3BE264D46FFB}
		{2623DC43-0DF8-49C3-97DD-393F39301802} = {A6DB6CB0-099A-4BEC-BBD4-3BE264D46FFB}
		{F6443D27-6FD4-4911-9240-6BC61D8C3A4F} = {A6DB6CB0-099A-4BEC-BBD4-3BE264D46FFB}
		{3A9A7E25-99EF-4287-A4BD-F15A7C98C73C} = {A6DB6CB0-099A-4BEC-BBD4-3BE264D46FFB}
	EndGlobalSection
EndGlobal
