
Microsoft Visual Studio Solution File, Format Version 12.00
# Visual Studio 2013
VisualStudioVersion = 12.0.31101.0
MinimumVisualStudioVersion = 10.0.40219.1
Project("{8BC9CEB8-8B4A-11D0-8D11-00A0C91BC942}") = "Algo", "algo\algo.vcxproj", "{3FD3D8BB-4975-4C21-88AE-ACB68E2BF1D4}"
EndProject
Project("{2150E333-8FDC-42A3-9474-1A3956D46DE8}") = "282", "282", "{7CD4B5FC-A284-4222-994B-7203D403AEA4}"
EndProject
Project("{8BC9CEB8-8B4A-11D0-8D11-00A0C91BC942}") = "282A", "282\282A\282A.vcxproj", "{1F5BD72B-67E2-49A0-A0BB-0C98E350D19A}"
EndProject
Project("{8BC9CEB8-8B4A-11D0-8D11-00A0C91BC942}") = "282B", "282\282B\282B.vcxproj", "{A8498F12-6C4A-47EF-A154-FE15BF3BF030}"
EndProject
Project("{8BC9CEB8-8B4A-11D0-8D11-00A0C91BC942}") = "282C", "282\282C\282C.vcxproj", "{62566DBE-9598-4130-8372-8A25AA274EEA}"
EndProject
Project("{8BC9CEB8-8B4A-11D0-8D11-00A0C91BC942}") = "AlgoUnitTest", "AlgoUnitTest\AlgoUnitTest.vcxproj", "{B3D68A26-DDA5-4054-9593-E75D30ABA4FA}"
EndProject
Project("{2150E333-8FDC-42A3-9474-1A3956D46DE8}") = "283", "283", "{D2480D57-C7DE-43B4-8BB7-77D77A702E08}"
EndProject
Project("{2150E333-8FDC-42A3-9474-1A3956D46DE8}") = "487", "487", "{61C66B68-C0C2-4215-B96A-270071792FBA}"
EndProject
Project("{2150E333-8FDC-42A3-9474-1A3956D46DE8}") = "276", "276", "{341F8308-4F87-4F1C-9669-782D03B3F3C0}"
EndProject
Project("{8BC9CEB8-8B4A-11D0-8D11-00A0C91BC942}") = "276A", "276\276A\276A.vcxproj", "{66BC035E-1A26-48F1-BC0E-0B3A1E774C9F}"
EndProject
Project("{8BC9CEB8-8B4A-11D0-8D11-00A0C91BC942}") = "276B", "276\276B\276B.vcxproj", "{F8E98E70-FF46-423D-A396-F7FB3DBFC514}"
EndProject
Project("{8BC9CEB8-8B4A-11D0-8D11-00A0C91BC942}") = "276C", "276\276C\276C.vcxproj", "{EC9FF078-2D51-4065-AB4C-6B7C1D4B364E}"
EndProject
Project("{8BC9CEB8-8B4A-11D0-8D11-00A0C91BC942}") = "276D", "276\276D\276D.vcxproj", "{DE8BDFAB-DF16-4856-9247-617753480268}"
EndProject
Project("{2150E333-8FDC-42A3-9474-1A3956D46DE8}") = "275", "275", "{DF3BEA17-BF85-43BC-BB24-735B8217E43A}"
EndProject
Project("{8BC9CEB8-8B4A-11D0-8D11-00A0C91BC942}") = "275A", "275\275A\275A.vcxproj", "{600A0659-0E19-4EFC-AC0C-330F31EC7D44}"
EndProject
Project("{8BC9CEB8-8B4A-11D0-8D11-00A0C91BC942}") = "275B", "275\275B\275B.vcxproj", "{32CBE171-7837-437C-8047-449553531C98}"
EndProject
Project("{8BC9CEB8-8B4A-11D0-8D11-00A0C91BC942}") = "275D", "275\275D\275D.vcxproj", "{53B36288-74DE-46EB-BAF9-47293D880E80}"
EndProject
Project("{8BC9CEB8-8B4A-11D0-8D11-00A0C91BC942}") = "283A", "283\283A\283A.vcxproj", "{1D796810-9482-4F2D-9953-403E572BC70F}"
EndProject
Project("{8BC9CEB8-8B4A-11D0-8D11-00A0C91BC942}") = "283B", "283\283B\283B.vcxproj", "{F2AE3F42-7074-4C4C-AF42-534978E45A71}"
EndProject
Project("{8BC9CEB8-8B4A-11D0-8D11-00A0C91BC942}") = "283C", "283\283C\283C.vcxproj", "{4B9B22FF-4754-4D2A-ABF5-2AADB50B9592}"
EndProject
Project("{8BC9CEB8-8B4A-11D0-8D11-00A0C91BC942}") = "283D", "283\283D\283D.vcxproj", "{A4FE5201-3DAF-46DD-9A94-20008A0053EB}"
EndProject
Project("{8BC9CEB8-8B4A-11D0-8D11-00A0C91BC942}") = "487B", "487\487B\487B.vcxproj", "{BED54580-8583-462C-90A9-C7CFE61C0881}"
EndProject
Project("{8BC9CEB8-8B4A-11D0-8D11-00A0C91BC942}") = "487D", "487\487D\487D.vcxproj", "{AE9323D7-EEF7-4F6A-BEB8-0B8286DB92B2}"
EndProject
Project("{2150E333-8FDC-42A3-9474-1A3956D46DE8}") = "284", "284", "{A6DB6CB0-099A-4BEC-BBD4-3BE264D46FFB}"
EndProject
Project("{8BC9CEB8-8B4A-11D0-8D11-00A0C91BC942}") = "284A", "284\284A\284A.vcxproj", "{E843A269-3AFF-4964-8912-CC71D9B8D306}"
EndProject
Project("{8BC9CEB8-8B4A-11D0-8D11-00A0C91BC942}") = "284C", "284\284C\284C.vcxproj", "{2623DC43-0DF8-49C3-97DD-393F39301802}"
EndProject
Project("{8BC9CEB8-8B4A-11D0-8D11-00A0C91BC942}") = "284B", "284\284B\284B.vcxproj", "{F6443D27-6FD4-4911-9240-6BC61D8C3A4F}"
EndProject
Project("{8BC9CEB8-8B4A-11D0-8D11-00A0C91BC942}") = "284D", "284\284D\284D.vcxproj", "{3A9A7E25-99EF-4287-A4BD-F15A7C98C73C}"
EndProject
Project("{2150E333-8FDC-42A3-9474-1A3956D46DE8}") = "GB2014", "GB2014", "{D5A1E6F0-AB56-48CC-A78B-4482742B07C6}"
EndProject
Project("{8BC9CEB8-8B4A-11D0-8D11-00A0C91BC942}") = "GB2014A", "GB2014\GB2014A\GB2014A.vcxproj", "{9135D6D3-BB55-4565-83C8-33772F5E4EEF}"
EndProject
Project("{8BC9CEB8-8B4A-11D0-8D11-00A0C91BC942}") = "GB2014B", "GB2014\GB2014B\GB2014B.vcxproj", "{F2577A42-AA07-43E3-953A-6483334D0AB1}"
EndProject
Project("{8BC9CEB8-8B4A-11D0-8D11-00A0C91BC942}") = "GB2014C", "GB2014\GB2014C\GB2014C.vcxproj", "{A07D2DDF-7676-4547-AB72-508AC36EA513}"
EndProject
Project("{8BC9CEB8-8B4A-11D0-8D11-00A0C91BC942}") = "GB2014D", "GB2014\GB2014D\GB2014D.vcxproj", "{EA3393B3-511F-4027-A427-39335CA2742F}"
EndProject
Project("{8BC9CEB8-8B4A-11D0-8D11-00A0C91BC942}") = "GB2014E", "GB2014\GB2014E\GB2014E.vcxproj", "{A5DC72F5-D978-4901-97C6-24096A0D1212}"
EndProject
Project("{2150E333-8FDC-42A3-9474-1A3956D46DE8}") = "ACM-ICPC", "ACM-ICPC", "{DA5D657C-0B4F-43C5-ACDE-A0800488D4A3}"
EndProject
Project("{2150E333-8FDC-42A3-9474-1A3956D46DE8}") = "NEERC 14-15 Moscow", "NEERC 14-15 Moscow", "{D31ED313-0892-4BE8-A5A9-B2E8D807DFC6}"
EndProject
Project("{8BC9CEB8-8B4A-11D0-8D11-00A0C91BC942}") = "A", "ACM-ICPC\NEERC 14-15 Moscow\A\A.vcxproj", "{7405E278-889D-4CC6-B7DA-4E5F86350438}"
EndProject
Project("{8BC9CEB8-8B4A-11D0-8D11-00A0C91BC942}") = "B", "ACM-ICPC\NEERC 14-15 Moscow\B\B.vcxproj", "{96D96F91-B33D-45D6-A22E-B20EA892EAE8}"
EndProject
Project("{8BC9CEB8-8B4A-11D0-8D11-00A0C91BC942}") = "C", "ACM-ICPC\NEERC 14-15 Moscow\C\C.vcxproj", "{BCE52C90-BC57-4EFD-BB15-147B49FD3154}"
EndProject
Project("{8BC9CEB8-8B4A-11D0-8D11-00A0C91BC942}") = "D", "ACM-ICPC\NEERC 14-15 Moscow\D\D.vcxproj", "{F49B5ECF-08C0-4072-AD46-39DD04BC83E5}"
EndProject
Project("{8BC9CEB8-8B4A-11D0-8D11-00A0C91BC942}") = "E", "ACM-ICPC\NEERC 14-15 Moscow\E\E.vcxproj", "{393A055E-76CD-4181-9577-F5F9218818E7}"
EndProject
Project("{8BC9CEB8-8B4A-11D0-8D11-00A0C91BC942}") = "F", "ACM-ICPC\NEERC 14-15 Moscow\F\F.vcxproj", "{39522898-B264-4AFD-9951-1B7BA49F5A99}"
EndProject
Project("{8BC9CEB8-8B4A-11D0-8D11-00A0C91BC942}") = "G", "ACM-ICPC\NEERC 14-15 Moscow\G\G.vcxproj", "{5728C852-62DC-4B11-B3F8-2072D61D8F02}"
EndProject
Project("{8BC9CEB8-8B4A-11D0-8D11-00A0C91BC942}") = "H", "ACM-ICPC\NEERC 14-15 Moscow\H\H.vcxproj", "{0CC61CAC-E867-49B3-8DEF-6DE304999FBD}"
EndProject
Project("{8BC9CEB8-8B4A-11D0-8D11-00A0C91BC942}") = "I", "ACM-ICPC\NEERC 14-15 Moscow\I\I.vcxproj", "{A865EB2C-87E3-4D65-9630-F3775F212E7D}"
EndProject
Project("{8BC9CEB8-8B4A-11D0-8D11-00A0C91BC942}") = "J", "ACM-ICPC\NEERC 14-15 Moscow\J\J.vcxproj", "{079587F6-4630-4F37-A573-DBCD70C6A20C}"
EndProject
Project("{8BC9CEB8-8B4A-11D0-8D11-00A0C91BC942}") = "K", "ACM-ICPC\NEERC 14-15 Moscow\K\K.vcxproj", "{DD08A619-EF34-4290-AC73-7FF4F98C5FB5}"
EndProject
Project("{2150E333-8FDC-42A3-9474-1A3956D46DE8}") = "272", "272", "{979F6B41-4715-4F09-9B94-89B9021F90E3}"
EndProject
Project("{8BC9CEB8-8B4A-11D0-8D11-00A0C91BC942}") = "272A", "272\272A\272A.vcxproj", "{11D1ADA5-47DF-4F88-B3C1-A6FD4F5491DC}"
EndProject
Project("{8BC9CEB8-8B4A-11D0-8D11-00A0C91BC942}") = "272B", "272\272B\272B.vcxproj", "{7A8741A1-E5C1-4022-8199-5B600D527A25}"
EndProject
Global
	GlobalSection(SolutionConfigurationPlatforms) = preSolution
		Debug|Win32 = Debug|Win32
		Release|Win32 = Release|Win32
	EndGlobalSection
	GlobalSection(ProjectConfigurationPlatforms) = postSolution
		{3FD3D8BB-4975-4C21-88AE-ACB68E2BF1D4}.Debug|Win32.ActiveCfg = Debug|Win32
		{3FD3D8BB-4975-4C21-88AE-ACB68E2BF1D4}.Debug|Win32.Build.0 = Debug|Win32
		{3FD3D8BB-4975-4C21-88AE-ACB68E2BF1D4}.Release|Win32.ActiveCfg = Release|Win32
		{3FD3D8BB-4975-4C21-88AE-ACB68E2BF1D4}.Release|Win32.Build.0 = Release|Win32
		{1F5BD72B-67E2-49A0-A0BB-0C98E350D19A}.Debug|Win32.ActiveCfg = Debug|Win32
		{1F5BD72B-67E2-49A0-A0BB-0C98E350D19A}.Debug|Win32.Build.0 = Debug|Win32
		{1F5BD72B-67E2-49A0-A0BB-0C98E350D19A}.Release|Win32.ActiveCfg = Release|Win32
		{1F5BD72B-67E2-49A0-A0BB-0C98E350D19A}.Release|Win32.Build.0 = Release|Win32
		{A8498F12-6C4A-47EF-A154-FE15BF3BF030}.Debug|Win32.ActiveCfg = Debug|Win32
		{A8498F12-6C4A-47EF-A154-FE15BF3BF030}.Debug|Win32.Build.0 = Debug|Win32
		{A8498F12-6C4A-47EF-A154-FE15BF3BF030}.Release|Win32.ActiveCfg = Release|Win32
		{A8498F12-6C4A-47EF-A154-FE15BF3BF030}.Release|Win32.Build.0 = Release|Win32
		{62566DBE-9598-4130-8372-8A25AA274EEA}.Debug|Win32.ActiveCfg = Debug|Win32
		{62566DBE-9598-4130-8372-8A25AA274EEA}.Debug|Win32.Build.0 = Debug|Win32
		{62566DBE-9598-4130-8372-8A25AA274EEA}.Release|Win32.ActiveCfg = Release|Win32
		{62566DBE-9598-4130-8372-8A25AA274EEA}.Release|Win32.Build.0 = Release|Win32
		{B3D68A26-DDA5-4054-9593-E75D30ABA4FA}.Debug|Win32.ActiveCfg = Debug|Win32
		{B3D68A26-DDA5-4054-9593-E75D30ABA4FA}.Debug|Win32.Build.0 = Debug|Win32
		{B3D68A26-DDA5-4054-9593-E75D30ABA4FA}.Release|Win32.ActiveCfg = Release|Win32
		{B3D68A26-DDA5-4054-9593-E75D30ABA4FA}.Release|Win32.Build.0 = Release|Win32
		{66BC035E-1A26-48F1-BC0E-0B3A1E774C9F}.Debug|Win32.ActiveCfg = Debug|Win32
		{66BC035E-1A26-48F1-BC0E-0B3A1E774C9F}.Debug|Win32.Build.0 = Debug|Win32
		{66BC035E-1A26-48F1-BC0E-0B3A1E774C9F}.Release|Win32.ActiveCfg = Release|Win32
		{66BC035E-1A26-48F1-BC0E-0B3A1E774C9F}.Release|Win32.Build.0 = Release|Win32
		{F8E98E70-FF46-423D-A396-F7FB3DBFC514}.Debug|Win32.ActiveCfg = Debug|Win32
		{F8E98E70-FF46-423D-A396-F7FB3DBFC514}.Debug|Win32.Build.0 = Debug|Win32
		{F8E98E70-FF46-423D-A396-F7FB3DBFC514}.Release|Win32.ActiveCfg = Release|Win32
		{F8E98E70-FF46-423D-A396-F7FB3DBFC514}.Release|Win32.Build.0 = Release|Win32
		{EC9FF078-2D51-4065-AB4C-6B7C1D4B364E}.Debug|Win32.ActiveCfg = Debug|Win32
		{EC9FF078-2D51-4065-AB4C-6B7C1D4B364E}.Debug|Win32.Build.0 = Debug|Win32
		{EC9FF078-2D51-4065-AB4C-6B7C1D4B364E}.Release|Win32.ActiveCfg = Release|Win32
		{EC9FF078-2D51-4065-AB4C-6B7C1D4B364E}.Release|Win32.Build.0 = Release|Win32
		{DE8BDFAB-DF16-4856-9247-617753480268}.Debug|Win32.ActiveCfg = Debug|Win32
		{DE8BDFAB-DF16-4856-9247-617753480268}.Debug|Win32.Build.0 = Debug|Win32
		{DE8BDFAB-DF16-4856-9247-617753480268}.Release|Win32.ActiveCfg = Release|Win32
		{DE8BDFAB-DF16-4856-9247-617753480268}.Release|Win32.Build.0 = Release|Win32
		{600A0659-0E19-4EFC-AC0C-330F31EC7D44}.Debug|Win32.ActiveCfg = Debug|Win32
		{600A0659-0E19-4EFC-AC0C-330F31EC7D44}.Debug|Win32.Build.0 = Debug|Win32
		{600A0659-0E19-4EFC-AC0C-330F31EC7D44}.Release|Win32.ActiveCfg = Release|Win32
		{600A0659-0E19-4EFC-AC0C-330F31EC7D44}.Release|Win32.Build.0 = Release|Win32
		{32CBE171-7837-437C-8047-449553531C98}.Debug|Win32.ActiveCfg = Debug|Win32
		{32CBE171-7837-437C-8047-449553531C98}.Debug|Win32.Build.0 = Debug|Win32
		{32CBE171-7837-437C-8047-449553531C98}.Release|Win32.ActiveCfg = Release|Win32
		{32CBE171-7837-437C-8047-449553531C98}.Release|Win32.Build.0 = Release|Win32
		{53B36288-74DE-46EB-BAF9-47293D880E80}.Debug|Win32.ActiveCfg = Debug|Win32
		{53B36288-74DE-46EB-BAF9-47293D880E80}.Debug|Win32.Build.0 = Debug|Win32
		{53B36288-74DE-46EB-BAF9-47293D880E80}.Release|Win32.ActiveCfg = Release|Win32
		{53B36288-74DE-46EB-BAF9-47293D880E80}.Release|Win32.Build.0 = Release|Win32
		{1D796810-9482-4F2D-9953-403E572BC70F}.Debug|Win32.ActiveCfg = Debug|Win32
		{1D796810-9482-4F2D-9953-403E572BC70F}.Debug|Win32.Build.0 = Debug|Win32
		{1D796810-9482-4F2D-9953-403E572BC70F}.Release|Win32.ActiveCfg = Release|Win32
		{1D796810-9482-4F2D-9953-403E572BC70F}.Release|Win32.Build.0 = Release|Win32
		{F2AE3F42-7074-4C4C-AF42-534978E45A71}.Debug|Win32.ActiveCfg = Debug|Win32
		{F2AE3F42-7074-4C4C-AF42-534978E45A71}.Debug|Win32.Build.0 = Debug|Win32
		{F2AE3F42-7074-4C4C-AF42-534978E45A71}.Release|Win32.ActiveCfg = Release|Win32
		{F2AE3F42-7074-4C4C-AF42-534978E45A71}.Release|Win32.Build.0 = Release|Win32
		{4B9B22FF-4754-4D2A-ABF5-2AADB50B9592}.Debug|Win32.ActiveCfg = Debug|Win32
		{4B9B22FF-4754-4D2A-ABF5-2AADB50B9592}.Debug|Win32.Build.0 = Debug|Win32
		{4B9B22FF-4754-4D2A-ABF5-2AADB50B9592}.Release|Win32.ActiveCfg = Release|Win32
		{4B9B22FF-4754-4D2A-ABF5-2AADB50B9592}.Release|Win32.Build.0 = Release|Win32
		{A4FE5201-3DAF-46DD-9A94-20008A0053EB}.Debug|Win32.ActiveCfg = Debug|Win32
		{A4FE5201-3DAF-46DD-9A94-20008A0053EB}.Debug|Win32.Build.0 = Debug|Win32
		{A4FE5201-3DAF-46DD-9A94-20008A0053EB}.Release|Win32.ActiveCfg = Release|Win32
		{A4FE5201-3DAF-46DD-9A94-20008A0053EB}.Release|Win32.Build.0 = Release|Win32
		{BED54580-8583-462C-90A9-C7CFE61C0881}.Debug|Win32.ActiveCfg = Debug|Win32
		{BED54580-8583-462C-90A9-C7CFE61C0881}.Debug|Win32.Build.0 = Debug|Win32
		{BED54580-8583-462C-90A9-C7CFE61C0881}.Release|Win32.ActiveCfg = Release|Win32
		{BED54580-8583-462C-90A9-C7CFE61C0881}.Release|Win32.Build.0 = Release|Win32
		{AE9323D7-EEF7-4F6A-BEB8-0B8286DB92B2}.Debug|Win32.ActiveCfg = Debug|Win32
		{AE9323D7-EEF7-4F6A-BEB8-0B8286DB92B2}.Debug|Win32.Build.0 = Debug|Win32
		{AE9323D7-EEF7-4F6A-BEB8-0B8286DB92B2}.Release|Win32.ActiveCfg = Release|Win32
		{AE9323D7-EEF7-4F6A-BEB8-0B8286DB92B2}.Release|Win32.Build.0 = Release|Win32
		{E843A269-3AFF-4964-8912-CC71D9B8D306}.Debug|Win32.ActiveCfg = Debug|Win32
		{E843A269-3AFF-4964-8912-CC71D9B8D306}.Debug|Win32.Build.0 = Debug|Win32
		{E843A269-3AFF-4964-8912-CC71D9B8D306}.Release|Win32.ActiveCfg = Release|Win32
		{E843A269-3AFF-4964-8912-CC71D9B8D306}.Release|Win32.Build.0 = Release|Win32
		{2623DC43-0DF8-49C3-97DD-393F39301802}.Debug|Win32.ActiveCfg = Debug|Win32
		{2623DC43-0DF8-49C3-97DD-393F39301802}.Debug|Win32.Build.0 = Debug|Win32
		{2623DC43-0DF8-49C3-97DD-393F39301802}.Release|Win32.ActiveCfg = Release|Win32
		{2623DC43-0DF8-49C3-97DD-393F39301802}.Release|Win32.Build.0 = Release|Win32
		{F6443D27-6FD4-4911-9240-6BC61D8C3A4F}.Debug|Win32.ActiveCfg = Debug|Win32
		{F6443D27-6FD4-4911-9240-6BC61D8C3A4F}.Debug|Win32.Build.0 = Debug|Win32
		{F6443D27-6FD4-4911-9240-6BC61D8C3A4F}.Release|Win32.ActiveCfg = Release|Win32
		{F6443D27-6FD4-4911-9240-6BC61D8C3A4F}.Release|Win32.Build.0 = Release|Win32
		{3A9A7E25-99EF-4287-A4BD-F15A7C98C73C}.Debug|Win32.ActiveCfg = Debug|Win32
		{3A9A7E25-99EF-4287-A4BD-F15A7C98C73C}.Debug|Win32.Build.0 = Debug|Win32
		{3A9A7E25-99EF-4287-A4BD-F15A7C98C73C}.Release|Win32.ActiveCfg = Release|Win32
		{3A9A7E25-99EF-4287-A4BD-F15A7C98C73C}.Release|Win32.Build.0 = Release|Win32
		{9135D6D3-BB55-4565-83C8-33772F5E4EEF}.Debug|Win32.ActiveCfg = Debug|Win32
		{9135D6D3-BB55-4565-83C8-33772F5E4EEF}.Debug|Win32.Build.0 = Debug|Win32
		{9135D6D3-BB55-4565-83C8-33772F5E4EEF}.Release|Win32.ActiveCfg = Release|Win32
		{9135D6D3-BB55-4565-83C8-33772F5E4EEF}.Release|Win32.Build.0 = Release|Win32
		{F2577A42-AA07-43E3-953A-6483334D0AB1}.Debug|Win32.ActiveCfg = Debug|Win32
		{F2577A42-AA07-43E3-953A-6483334D0AB1}.Debug|Win32.Build.0 = Debug|Win32
		{F2577A42-AA07-43E3-953A-6483334D0AB1}.Release|Win32.ActiveCfg = Release|Win32
		{F2577A42-AA07-43E3-953A-6483334D0AB1}.Release|Win32.Build.0 = Release|Win32
		{A07D2DDF-7676-4547-AB72-508AC36EA513}.Debug|Win32.ActiveCfg = Debug|Win32
		{A07D2DDF-7676-4547-AB72-508AC36EA513}.Debug|Win32.Build.0 = Debug|Win32
		{A07D2DDF-7676-4547-AB72-508AC36EA513}.Release|Win32.ActiveCfg = Release|Win32
		{A07D2DDF-7676-4547-AB72-508AC36EA513}.Release|Win32.Build.0 = Release|Win32
		{EA3393B3-511F-4027-A427-39335CA2742F}.Debug|Win32.ActiveCfg = Debug|Win32
		{EA3393B3-511F-4027-A427-39335CA2742F}.Debug|Win32.Build.0 = Debug|Win32
		{EA3393B3-511F-4027-A427-39335CA2742F}.Release|Win32.ActiveCfg = Release|Win32
		{EA3393B3-511F-4027-A427-39335CA2742F}.Release|Win32.Build.0 = Release|Win32
		{A5DC72F5-D978-4901-97C6-24096A0D1212}.Debug|Win32.ActiveCfg = Debug|Win32
		{A5DC72F5-D978-4901-97C6-24096A0D1212}.Debug|Win32.Build.0 = Debug|Win32
		{A5DC72F5-D978-4901-97C6-24096A0D1212}.Release|Win32.ActiveCfg = Release|Win32
		{A5DC72F5-D978-4901-97C6-24096A0D1212}.Release|Win32.Build.0 = Release|Win32
		{7405E278-889D-4CC6-B7DA-4E5F86350438}.Debug|Win32.ActiveCfg = Debug|Win32
		{7405E278-889D-4CC6-B7DA-4E5F86350438}.Debug|Win32.Build.0 = Debug|Win32
		{7405E278-889D-4CC6-B7DA-4E5F86350438}.Release|Win32.ActiveCfg = Release|Win32
		{7405E278-889D-4CC6-B7DA-4E5F86350438}.Release|Win32.Build.0 = Release|Win32
		{96D96F91-B33D-45D6-A22E-B20EA892EAE8}.Debug|Win32.ActiveCfg = Debug|Win32
		{96D96F91-B33D-45D6-A22E-B20EA892EAE8}.Debug|Win32.Build.0 = Debug|Win32
		{96D96F91-B33D-45D6-A22E-B20EA892EAE8}.Release|Win32.ActiveCfg = Release|Win32
		{96D96F91-B33D-45D6-A22E-B20EA892EAE8}.Release|Win32.Build.0 = Release|Win32
		{BCE52C90-BC57-4EFD-BB15-147B49FD3154}.Debug|Win32.ActiveCfg = Debug|Win32
		{BCE52C90-BC57-4EFD-BB15-147B49FD3154}.Debug|Win32.Build.0 = Debug|Win32
		{BCE52C90-BC57-4EFD-BB15-147B49FD3154}.Release|Win32.ActiveCfg = Release|Win32
		{BCE52C90-BC57-4EFD-BB15-147B49FD3154}.Release|Win32.Build.0 = Release|Win32
		{F49B5ECF-08C0-4072-AD46-39DD04BC83E5}.Debug|Win32.ActiveCfg = Debug|Win32
		{F49B5ECF-08C0-4072-AD46-39DD04BC83E5}.Debug|Win32.Build.0 = Debug|Win32
		{F49B5ECF-08C0-4072-AD46-39DD04BC83E5}.Release|Win32.ActiveCfg = Release|Win32
		{F49B5ECF-08C0-4072-AD46-39DD04BC83E5}.Release|Win32.Build.0 = Release|Win32
		{393A055E-76CD-4181-9577-F5F9218818E7}.Debug|Win32.ActiveCfg = Debug|Win32
		{393A055E-76CD-4181-9577-F5F9218818E7}.Debug|Win32.Build.0 = Debug|Win32
		{393A055E-76CD-4181-9577-F5F9218818E7}.Release|Win32.ActiveCfg = Release|Win32
		{393A055E-76CD-4181-9577-F5F9218818E7}.Release|Win32.Build.0 = Release|Win32
		{39522898-B264-4AFD-9951-1B7BA49F5A99}.Debug|Win32.ActiveCfg = Debug|Win32
		{39522898-B264-4AFD-9951-1B7BA49F5A99}.Debug|Win32.Build.0 = Debug|Win32
		{39522898-B264-4AFD-9951-1B7BA49F5A99}.Release|Win32.ActiveCfg = Release|Win32
		{39522898-B264-4AFD-9951-1B7BA49F5A99}.Release|Win32.Build.0 = Release|Win32
		{5728C852-62DC-4B11-B3F8-2072D61D8F02}.Debug|Win32.ActiveCfg = Debug|Win32
		{5728C852-62DC-4B11-B3F8-2072D61D8F02}.Debug|Win32.Build.0 = Debug|Win32
		{5728C852-62DC-4B11-B3F8-2072D61D8F02}.Release|Win32.ActiveCfg = Release|Win32
		{5728C852-62DC-4B11-B3F8-2072D61D8F02}.Release|Win32.Build.0 = Release|Win32
		{0CC61CAC-E867-49B3-8DEF-6DE304999FBD}.Debug|Win32.ActiveCfg = Debug|Win32
		{0CC61CAC-E867-49B3-8DEF-6DE304999FBD}.Debug|Win32.Build.0 = Debug|Win32
		{0CC61CAC-E867-49B3-8DEF-6DE304999FBD}.Release|Win32.ActiveCfg = Release|Win32
		{0CC61CAC-E867-49B3-8DEF-6DE304999FBD}.Release|Win32.Build.0 = Release|Win32
		{A865EB2C-87E3-4D65-9630-F3775F212E7D}.Debug|Win32.ActiveCfg = Debug|Win32
		{A865EB2C-87E3-4D65-9630-F3775F212E7D}.Debug|Win32.Build.0 = Debug|Win32
		{A865EB2C-87E3-4D65-9630-F3775F212E7D}.Release|Win32.ActiveCfg = Release|Win32
		{A865EB2C-87E3-4D65-9630-F3775F212E7D}.Release|Win32.Build.0 = Release|Win32
		{079587F6-4630-4F37-A573-DBCD70C6A20C}.Debug|Win32.ActiveCfg = Debug|Win32
		{079587F6-4630-4F37-A573-DBCD70C6A20C}.Debug|Win32.Build.0 = Debug|Win32
		{079587F6-4630-4F37-A573-DBCD70C6A20C}.Release|Win32.ActiveCfg = Release|Win32
		{079587F6-4630-4F37-A573-DBCD70C6A20C}.Release|Win32.Build.0 = Release|Win32
		{DD08A619-EF34-4290-AC73-7FF4F98C5FB5}.Debug|Win32.ActiveCfg = Debug|Win32
		{DD08A619-EF34-4290-AC73-7FF4F98C5FB5}.Debug|Win32.Build.0 = Debug|Win32
		{DD08A619-EF34-4290-AC73-7FF4F98C5FB5}.Release|Win32.ActiveCfg = Release|Win32
		{DD08A619-EF34-4290-AC73-7FF4F98C5FB5}.Release|Win32.Build.0 = Release|Win32
		{11D1ADA5-47DF-4F88-B3C1-A6FD4F5491DC}.Debug|Win32.ActiveCfg = Debug|Win32
		{11D1ADA5-47DF-4F88-B3C1-A6FD4F5491DC}.Debug|Win32.Build.0 = Debug|Win32
		{11D1ADA5-47DF-4F88-B3C1-A6FD4F5491DC}.Release|Win32.ActiveCfg = Release|Win32
		{11D1ADA5-47DF-4F88-B3C1-A6FD4F5491DC}.Release|Win32.Build.0 = Release|Win32
		{7A8741A1-E5C1-4022-8199-5B600D527A25}.Debug|Win32.ActiveCfg = Debug|Win32
		{7A8741A1-E5C1-4022-8199-5B600D527A25}.Debug|Win32.Build.0 = Debug|Win32
		{7A8741A1-E5C1-4022-8199-5B600D527A25}.Release|Win32.ActiveCfg = Release|Win32
		{7A8741A1-E5C1-4022-8199-5B600D527A25}.Release|Win32.Build.0 = Release|Win32
	EndGlobalSection
	GlobalSection(SolutionProperties) = preSolution
		HideSolutionNode = FALSE
	EndGlobalSection
	GlobalSection(NestedProjects) = preSolution
		{1F5BD72B-67E2-49A0-A0BB-0C98E350D19A} = {7CD4B5FC-A284-4222-994B-7203D403AEA4}
		{A8498F12-6C4A-47EF-A154-FE15BF3BF030} = {7CD4B5FC-A284-4222-994B-7203D403AEA4}
		{62566DBE-9598-4130-8372-8A25AA274EEA} = {7CD4B5FC-A284-4222-994B-7203D403AEA4}
		{66BC035E-1A26-48F1-BC0E-0B3A1E774C9F} = {341F8308-4F87-4F1C-9669-782D03B3F3C0}
		{F8E98E70-FF46-423D-A396-F7FB3DBFC514} = {341F8308-4F87-4F1C-9669-782D03B3F3C0}
		{EC9FF078-2D51-4065-AB4C-6B7C1D4B364E} = {341F8308-4F87-4F1C-9669-782D03B3F3C0}
		{DE8BDFAB-DF16-4856-9247-617753480268} = {341F8308-4F87-4F1C-9669-782D03B3F3C0}
		{600A0659-0E19-4EFC-AC0C-330F31EC7D44} = {DF3BEA17-BF85-43BC-BB24-735B8217E43A}
		{32CBE171-7837-437C-8047-449553531C98} = {DF3BEA17-BF85-43BC-BB24-735B8217E43A}
		{53B36288-74DE-46EB-BAF9-47293D880E80} = {DF3BEA17-BF85-43BC-BB24-735B8217E43A}
		{1D796810-9482-4F2D-9953-403E572BC70F} = {D2480D57-C7DE-43B4-8BB7-77D77A702E08}
		{F2AE3F42-7074-4C4C-AF42-534978E45A71} = {D2480D57-C7DE-43B4-8BB7-77D77A702E08}
		{4B9B22FF-4754-4D2A-ABF5-2AADB50B9592} = {D2480D57-C7DE-43B4-8BB7-77D77A702E08}
		{A4FE5201-3DAF-46DD-9A94-20008A0053EB} = {D2480D57-C7DE-43B4-8BB7-77D77A702E08}
		{BED54580-8583-462C-90A9-C7CFE61C0881} = {61C66B68-C0C2-4215-B96A-270071792FBA}
		{AE9323D7-EEF7-4F6A-BEB8-0B8286DB92B2} = {61C66B68-C0C2-4215-B96A-270071792FBA}
		{E843A269-3AFF-4964-8912-CC71D9B8D306} = {A6DB6CB0-099A-4BEC-BBD4-3BE264D46FFB}
		{2623DC43-0DF8-49C3-97DD-393F39301802} = {A6DB6CB0-099A-4BEC-BBD4-3BE264D46FFB}
		{F6443D27-6FD4-4911-9240-6BC61D8C3A4F} = {A6DB6CB0-099A-4BEC-BBD4-3BE264D46FFB}
		{3A9A7E25-99EF-4287-A4BD-F15A7C98C73C} = {A6DB6CB0-099A-4BEC-BBD4-3BE264D46FFB}
		{9135D6D3-BB55-4565-83C8-33772F5E4EEF} = {D5A1E6F0-AB56-48CC-A78B-4482742B07C6}
		{F2577A42-AA07-43E3-953A-6483334D0AB1} = {D5A1E6F0-AB56-48CC-A78B-4482742B07C6}
		{A07D2DDF-7676-4547-AB72-508AC36EA513} = {D5A1E6F0-AB56-48CC-A78B-4482742B07C6}
		{EA3393B3-511F-4027-A427-39335CA2742F} = {D5A1E6F0-AB56-48CC-A78B-4482742B07C6}
		{A5DC72F5-D978-4901-97C6-24096A0D1212} = {D5A1E6F0-AB56-48CC-A78B-4482742B07C6}
		{D31ED313-0892-4BE8-A5A9-B2E8D807DFC6} = {DA5D657C-0B4F-43C5-ACDE-A0800488D4A3}
		{7405E278-889D-4CC6-B7DA-4E5F86350438} = {D31ED313-0892-4BE8-A5A9-B2E8D807DFC6}
		{96D96F91-B33D-45D6-A22E-B20EA892EAE8} = {D31ED313-0892-4BE8-A5A9-B2E8D807DFC6}
		{BCE52C90-BC57-4EFD-BB15-147B49FD3154} = {D31ED313-0892-4BE8-A5A9-B2E8D807DFC6}
		{F49B5ECF-08C0-4072-AD46-39DD04BC83E5} = {D31ED313-0892-4BE8-A5A9-B2E8D807DFC6}
		{393A055E-76CD-4181-9577-F5F9218818E7} = {D31ED313-0892-4BE8-A5A9-B2E8D807DFC6}
		{39522898-B264-4AFD-9951-1B7BA49F5A99} = {D31ED313-0892-4BE8-A5A9-B2E8D807DFC6}
		{5728C852-62DC-4B11-B3F8-2072D61D8F02} = {D31ED313-0892-4BE8-A5A9-B2E8D807DFC6}
		{0CC61CAC-E867-49B3-8DEF-6DE304999FBD} = {D31ED313-0892-4BE8-A5A9-B2E8D807DFC6}
		{A865EB2C-87E3-4D65-9630-F3775F212E7D} = {D31ED313-0892-4BE8-A5A9-B2E8D807DFC6}
		{079587F6-4630-4F37-A573-DBCD70C6A20C} = {D31ED313-0892-4BE8-A5A9-B2E8D807DFC6}
		{DD08A619-EF34-4290-AC73-7FF4F98C5FB5} = {D31ED313-0892-4BE8-A5A9-B2E8D807DFC6}
		{11D1ADA5-47DF-4F88-B3C1-A6FD4F5491DC} = {979F6B41-4715-4F09-9B94-89B9021F90E3}
		{7A8741A1-E5C1-4022-8199-5B600D527A25} = {979F6B41-4715-4F09-9B94-89B9021F90E3}
	EndGlobalSection
EndGlobal
