
Microsoft Visual Studio Solution File, Format Version 12.00
# Visual Studio 2013
VisualStudioVersion = 12.0.31101.0
MinimumVisualStudioVersion = 10.0.40219.1
Project("{8BC9CEB8-8B4A-11D0-8D11-00A0C91BC942}") = "algo", "algo\algo.vcxproj", "{3FD3D8BB-4975-4C21-88AE-ACB68E2BF1D4}"
EndProject
Project("{8BC9CEB8-8B4A-11D0-8D11-00A0C91BC942}") = "algotest", "algotest\algotest.vcxproj", "{9C9BCA5B-9424-49C9-93F4-20C1337E98B4}"
EndProject
Project("{8BC9CEB8-8B4A-11D0-8D11-00A0C91BC942}") = "487B", "487B\487B.vcxproj", "{BED54580-8583-462C-90A9-C7CFE61C0881}"
EndProject
Project("{8BC9CEB8-8B4A-11D0-8D11-00A0C91BC942}") = "487D", "487D\487D.vcxproj", "{AE9323D7-EEF7-4F6A-BEB8-0B8286DB92B2}"
EndProject
Project("{8BC9CEB8-8B4A-11D0-8D11-00A0C91BC942}") = "283A", "283A\283A.vcxproj", "{1D796810-9482-4F2D-9953-403E572BC70F}"
EndProject
Project("{8BC9CEB8-8B4A-11D0-8D11-00A0C91BC942}") = "283B", "283B\283B.vcxproj", "{F2AE3F42-7074-4C4C-AF42-534978E45A71}"
EndProject
Project("{8BC9CEB8-8B4A-11D0-8D11-00A0C91BC942}") = "283C", "283C\283C.vcxproj", "{4B9B22FF-4754-4D2A-ABF5-2AADB50B9592}"
EndProject
Project("{8BC9CEB8-8B4A-11D0-8D11-00A0C91BC942}") = "283D", "283D\283D.vcxproj", "{A4FE5201-3DAF-46DD-9A94-20008A0053EB}"
EndProject
Project("{2150E333-8FDC-42A3-9474-1A3956D46DE8}") = "282", "282", "{7CD4B5FC-A284-4222-994B-7203D403AEA4}"
EndProject
Project("{8BC9CEB8-8B4A-11D0-8D11-00A0C91BC942}") = "282A", "282\282A\282A.vcxproj", "{1F5BD72B-67E2-49A0-A0BB-0C98E350D19A}"
EndProject
Project("{8BC9CEB8-8B4A-11D0-8D11-00A0C91BC942}") = "282B", "282\282B\282B.vcxproj", "{A8498F12-6C4A-47EF-A154-FE15BF3BF030}"
EndProject
Project("{8BC9CEB8-8B4A-11D0-8D11-00A0C91BC942}") = "282C", "282\282C\282C.vcxproj", "{62566DBE-9598-4130-8372-8A25AA274EEA}"
EndProject
Project("{8BC9CEB8-8B4A-11D0-8D11-00A0C91BC942}") = "AlgoUnitTest", "AlgoUnitTest\AlgoUnitTest.vcxproj", "{B3D68A26-DDA5-4054-9593-E75D30ABA4FA}"
EndProject
Global
	GlobalSection(SolutionConfigurationPlatforms) = preSolution
		Debug|Win32 = Debug|Win32
		Release|Win32 = Release|Win32
	EndGlobalSection
	GlobalSection(ProjectConfigurationPlatforms) = postSolution
		{3FD3D8BB-4975-4C21-88AE-ACB68E2BF1D4}.Debug|Win32.ActiveCfg = Debug|Win32
		{3FD3D8BB-4975-4C21-88AE-ACB68E2BF1D4}.Debug|Win32.Build.0 = Debug|Win32
		{3FD3D8BB-4975-4C21-88AE-ACB68E2BF1D4}.Release|Win32.ActiveCfg = Release|Win32
		{3FD3D8BB-4975-4C21-88AE-ACB68E2BF1D4}.Release|Win32.Build.0 = Release|Win32
		{9C9BCA5B-9424-49C9-93F4-20C1337E98B4}.Debug|Win32.ActiveCfg = Debug|Win32
		{9C9BCA5B-9424-49C9-93F4-20C1337E98B4}.Debug|Win32.Build.0 = Debug|Win32
		{9C9BCA5B-9424-49C9-93F4-20C1337E98B4}.Release|Win32.ActiveCfg = Release|Win32
		{9C9BCA5B-9424-49C9-93F4-20C1337E98B4}.Release|Win32.Build.0 = Release|Win32
		{BED54580-8583-462C-90A9-C7CFE61C0881}.Debug|Win32.ActiveCfg = Debug|Win32
		{BED54580-8583-462C-90A9-C7CFE61C0881}.Debug|Win32.Build.0 = Debug|Win32
		{BED54580-8583-462C-90A9-C7CFE61C0881}.Release|Win32.ActiveCfg = Release|Win32
		{BED54580-8583-462C-90A9-C7CFE61C0881}.Release|Win32.Build.0 = Release|Win32
		{AE9323D7-EEF7-4F6A-BEB8-0B8286DB92B2}.Debug|Win32.ActiveCfg = Debug|Win32
		{AE9323D7-EEF7-4F6A-BEB8-0B8286DB92B2}.Debug|Win32.Build.0 = Debug|Win32
		{AE9323D7-EEF7-4F6A-BEB8-0B8286DB92B2}.Release|Win32.ActiveCfg = Release|Win32
		{AE9323D7-EEF7-4F6A-BEB8-0B8286DB92B2}.Release|Win32.Build.0 = Release|Win32
		{1D796810-9482-4F2D-9953-403E572BC70F}.Debug|Win32.ActiveCfg = Debug|Win32
		{1D796810-9482-4F2D-9953-403E572BC70F}.Debug|Win32.Build.0 = Debug|Win32
		{1D796810-9482-4F2D-9953-403E572BC70F}.Release|Win32.ActiveCfg = Release|Win32
		{1D796810-9482-4F2D-9953-403E572BC70F}.Release|Win32.Build.0 = Release|Win32
		{F2AE3F42-7074-4C4C-AF42-534978E45A71}.Debug|Win32.ActiveCfg = Debug|Win32
		{F2AE3F42-7074-4C4C-AF42-534978E45A71}.Debug|Win32.Build.0 = Debug|Win32
		{F2AE3F42-7074-4C4C-AF42-534978E45A71}.Release|Win32.ActiveCfg = Release|Win32
		{F2AE3F42-7074-4C4C-AF42-534978E45A71}.Release|Win32.Build.0 = Release|Win32
		{4B9B22FF-4754-4D2A-ABF5-2AADB50B9592}.Debug|Win32.ActiveCfg = Debug|Win32
		{4B9B22FF-4754-4D2A-ABF5-2AADB50B9592}.Debug|Win32.Build.0 = Debug|Win32
		{4B9B22FF-4754-4D2A-ABF5-2AADB50B9592}.Release|Win32.ActiveCfg = Release|Win32
		{4B9B22FF-4754-4D2A-ABF5-2AADB50B9592}.Release|Win32.Build.0 = Release|Win32
		{A4FE5201-3DAF-46DD-9A94-20008A0053EB}.Debug|Win32.ActiveCfg = Debug|Win32
		{A4FE5201-3DAF-46DD-9A94-20008A0053EB}.Debug|Win32.Build.0 = Debug|Win32
		{A4FE5201-3DAF-46DD-9A94-20008A0053EB}.Release|Win32.ActiveCfg = Release|Win32
		{A4FE5201-3DAF-46DD-9A94-20008A0053EB}.Release|Win32.Build.0 = Release|Win32
		{1F5BD72B-67E2-49A0-A0BB-0C98E350D19A}.Debug|Win32.ActiveCfg = Debug|Win32
		{1F5BD72B-67E2-49A0-A0BB-0C98E350D19A}.Debug|Win32.Build.0 = Debug|Win32
		{1F5BD72B-67E2-49A0-A0BB-0C98E350D19A}.Release|Win32.ActiveCfg = Release|Win32
		{1F5BD72B-67E2-49A0-A0BB-0C98E350D19A}.Release|Win32.Build.0 = Release|Win32
		{A8498F12-6C4A-47EF-A154-FE15BF3BF030}.Debug|Win32.ActiveCfg = Debug|Win32
		{A8498F12-6C4A-47EF-A154-FE15BF3BF030}.Debug|Win32.Build.0 = Debug|Win32
		{A8498F12-6C4A-47EF-A154-FE15BF3BF030}.Release|Win32.ActiveCfg = Release|Win32
		{A8498F12-6C4A-47EF-A154-FE15BF3BF030}.Release|Win32.Build.0 = Release|Win32
		{62566DBE-9598-4130-8372-8A25AA274EEA}.Debug|Win32.ActiveCfg = Debug|Win32
		{62566DBE-9598-4130-8372-8A25AA274EEA}.Debug|Win32.Build.0 = Debug|Win32
		{62566DBE-9598-4130-8372-8A25AA274EEA}.Release|Win32.ActiveCfg = Release|Win32
		{62566DBE-9598-4130-8372-8A25AA274EEA}.Release|Win32.Build.0 = Release|Win32
		{B3D68A26-DDA5-4054-9593-E75D30ABA4FA}.Debug|Win32.ActiveCfg = Debug|Win32
		{B3D68A26-DDA5-4054-9593-E75D30ABA4FA}.Debug|Win32.Build.0 = Debug|Win32
		{B3D68A26-DDA5-4054-9593-E75D30ABA4FA}.Release|Win32.ActiveCfg = Release|Win32
		{B3D68A26-DDA5-4054-9593-E75D30ABA4FA}.Release|Win32.Build.0 = Release|Win32
	EndGlobalSection
	GlobalSection(SolutionProperties) = preSolution
		HideSolutionNode = FALSE
	EndGlobalSection
	GlobalSection(NestedProjects) = preSolution
		{1F5BD72B-67E2-49A0-A0BB-0C98E350D19A} = {7CD4B5FC-A284-4222-994B-7203D403AEA4}
		{A8498F12-6C4A-47EF-A154-FE15BF3BF030} = {7CD4B5FC-A284-4222-994B-7203D403AEA4}
		{62566DBE-9598-4130-8372-8A25AA274EEA} = {7CD4B5FC-A284-4222-994B-7203D403AEA4}
	EndGlobalSection
EndGlobal
