
Microsoft Visual Studio Solution File, Format Version 12.00
# Visual Studio 2013
VisualStudioVersion = 12.0.31101.0
MinimumVisualStudioVersion = 10.0.40219.1
Project("{8BC9CEB8-8B4A-11D0-8D11-00A0C91BC942}") = "A", "A\A.vcxproj", "{7405E278-889D-4CC6-B7DA-4E5F86350438}"
EndProject
Project("{8BC9CEB8-8B4A-11D0-8D11-00A0C91BC942}") = "B", "B\B.vcxproj", "{96D96F91-B33D-45D6-A22E-B20EA892EAE8}"
EndProject
Project("{8BC9CEB8-8B4A-11D0-8D11-00A0C91BC942}") = "C", "C\C.vcxproj", "{BCE52C90-BC57-4EFD-BB15-147B49FD3154}"
EndProject
Project("{8BC9CEB8-8B4A-11D0-8D11-00A0C91BC942}") = "D", "D\D.vcxproj", "{F49B5ECF-08C0-4072-AD46-39DD04BC83E5}"
EndProject
Project("{8BC9CEB8-8B4A-11D0-8D11-00A0C91BC942}") = "E", "E\E.vcxproj", "{393A055E-76CD-4181-9577-F5F9218818E7}"
EndProject
Project("{8BC9CEB8-8B4A-11D0-8D11-00A0C91BC942}") = "F", "F\F.vcxproj", "{39522898-B264-4AFD-9951-1B7BA49F5A99}"
EndProject
Project("{8BC9CEB8-8B4A-11D0-8D11-00A0C91BC942}") = "G", "G\G.vcxproj", "{5728C852-62DC-4B11-B3F8-2072D61D8F02}"
EndProject
Project("{8BC9CEB8-8B4A-11D0-8D11-00A0C91BC942}") = "H", "H\H.vcxproj", "{0CC61CAC-E867-49B3-8DEF-6DE304999FBD}"
EndProject
Project("{8BC9CEB8-8B4A-11D0-8D11-00A0C91BC942}") = "I", "I\I.vcxproj", "{A865EB2C-87E3-4D65-9630-F3775F212E7D}"
EndProject
Project("{8BC9CEB8-8B4A-11D0-8D11-00A0C91BC942}") = "J", "J\J.vcxproj", "{079587F6-4630-4F37-A573-DBCD70C6A20C}"
EndProject
Project("{8BC9CEB8-8B4A-11D0-8D11-00A0C91BC942}") = "K", "K\K.vcxproj", "{DD08A619-EF34-4290-AC73-7FF4F98C5FB5}"
EndProject
Global
	GlobalSection(SolutionConfigurationPlatforms) = preSolution
		Debug|Win32 = Debug|Win32
		Release|Win32 = Release|Win32
	EndGlobalSection
	GlobalSection(ProjectConfigurationPlatforms) = postSolution
		{7405E278-889D-4CC6-B7DA-4E5F86350438}.Debug|Win32.ActiveCfg = Debug|Win32
		{7405E278-889D-4CC6-B7DA-4E5F86350438}.Debug|Win32.Build.0 = Debug|Win32
		{7405E278-889D-4CC6-B7DA-4E5F86350438}.Release|Win32.ActiveCfg = Release|Win32
		{7405E278-889D-4CC6-B7DA-4E5F86350438}.Release|Win32.Build.0 = Release|Win32
		{96D96F91-B33D-45D6-A22E-B20EA892EAE8}.Debug|Win32.ActiveCfg = Debug|Win32
		{96D96F91-B33D-45D6-A22E-B20EA892EAE8}.Debug|Win32.Build.0 = Debug|Win32
		{96D96F91-B33D-45D6-A22E-B20EA892EAE8}.Release|Win32.ActiveCfg = Release|Win32
		{96D96F91-B33D-45D6-A22E-B20EA892EAE8}.Release|Win32.Build.0 = Release|Win32
		{BCE52C90-BC57-4EFD-BB15-147B49FD3154}.Debug|Win32.ActiveCfg = Debug|Win32
		{BCE52C90-BC57-4EFD-BB15-147B49FD3154}.Debug|Win32.Build.0 = Debug|Win32
		{BCE52C90-BC57-4EFD-BB15-147B49FD3154}.Release|Win32.ActiveCfg = Release|Win32
		{BCE52C90-BC57-4EFD-BB15-147B49FD3154}.Release|Win32.Build.0 = Release|Win32
		{F49B5ECF-08C0-4072-AD46-39DD04BC83E5}.Debug|Win32.ActiveCfg = Debug|Win32
		{F49B5ECF-08C0-4072-AD46-39DD04BC83E5}.Debug|Win32.Build.0 = Debug|Win32
		{F49B5ECF-08C0-4072-AD46-39DD04BC83E5}.Release|Win32.ActiveCfg = Release|Win32
		{F49B5ECF-08C0-4072-AD46-39DD04BC83E5}.Release|Win32.Build.0 = Release|Win32
		{393A055E-76CD-4181-9577-F5F9218818E7}.Debug|Win32.ActiveCfg = Debug|Win32
		{393A055E-76CD-4181-9577-F5F9218818E7}.Debug|Win32.Build.0 = Debug|Win32
		{393A055E-76CD-4181-9577-F5F9218818E7}.Release|Win32.ActiveCfg = Release|Win32
		{393A055E-76CD-4181-9577-F5F9218818E7}.Release|Win32.Build.0 = Release|Win32
		{39522898-B264-4AFD-9951-1B7BA49F5A99}.Debug|Win32.ActiveCfg = Debug|Win32
		{39522898-B264-4AFD-9951-1B7BA49F5A99}.Debug|Win32.Build.0 = Debug|Win32
		{39522898-B264-4AFD-9951-1B7BA49F5A99}.Release|Win32.ActiveCfg = Release|Win32
		{39522898-B264-4AFD-9951-1B7BA49F5A99}.Release|Win32.Build.0 = Release|Win32
		{5728C852-62DC-4B11-B3F8-2072D61D8F02}.Debug|Win32.ActiveCfg = Debug|Win32
		{5728C852-62DC-4B11-B3F8-2072D61D8F02}.Debug|Win32.Build.0 = Debug|Win32
		{5728C852-62DC-4B11-B3F8-2072D61D8F02}.Release|Win32.ActiveCfg = Release|Win32
		{5728C852-62DC-4B11-B3F8-2072D61D8F02}.Release|Win32.Build.0 = Release|Win32
		{0CC61CAC-E867-49B3-8DEF-6DE304999FBD}.Debug|Win32.ActiveCfg = Debug|Win32
		{0CC61CAC-E867-49B3-8DEF-6DE304999FBD}.Debug|Win32.Build.0 = Debug|Win32
		{0CC61CAC-E867-49B3-8DEF-6DE304999FBD}.Release|Win32.ActiveCfg = Release|Win32
		{0CC61CAC-E867-49B3-8DEF-6DE304999FBD}.Release|Win32.Build.0 = Release|Win32
		{A865EB2C-87E3-4D65-9630-F3775F212E7D}.Debug|Win32.ActiveCfg = Debug|Win32
		{A865EB2C-87E3-4D65-9630-F3775F212E7D}.Debug|Win32.Build.0 = Debug|Win32
		{A865EB2C-87E3-4D65-9630-F3775F212E7D}.Release|Win32.ActiveCfg = Release|Win32
		{A865EB2C-87E3-4D65-9630-F3775F212E7D}.Release|Win32.Build.0 = Release|Win32
		{079587F6-4630-4F37-A573-DBCD70C6A20C}.Debug|Win32.ActiveCfg = Debug|Win32
		{079587F6-4630-4F37-A573-DBCD70C6A20C}.Debug|Win32.Build.0 = Debug|Win32
		{079587F6-4630-4F37-A573-DBCD70C6A20C}.Release|Win32.ActiveCfg = Release|Win32
		{079587F6-4630-4F37-A573-DBCD70C6A20C}.Release|Win32.Build.0 = Release|Win32
		{DD08A619-EF34-4290-AC73-7FF4F98C5FB5}.Debug|Win32.ActiveCfg = Debug|Win32
		{DD08A619-EF34-4290-AC73-7FF4F98C5FB5}.Debug|Win32.Build.0 = Debug|Win32
		{DD08A619-EF34-4290-AC73-7FF4F98C5FB5}.Release|Win32.ActiveCfg = Release|Win32
		{DD08A619-EF34-4290-AC73-7FF4F98C5FB5}.Release|Win32.Build.0 = Release|Win32
	EndGlobalSection
	GlobalSection(SolutionProperties) = preSolution
		HideSolutionNode = FALSE
	EndGlobalSection
EndGlobal
