
Microsoft Visual Studio Solution File, Format Version 12.00
# Visual Studio 15
VisualStudioVersion = 15.0.28307.168
MinimumVisualStudioVersion = 10.0.40219.1
Project("{8BC9CEB8-8B4A-11D0-8D11-00A0C91BC942}") = "Fused", "Fused\Fused.vcxproj", "{0966CADF-B2A0-49AC-9578-F499A6D8D123}"
EndProject
Global
	GlobalSection(SolutionConfigurationPlatforms) = preSolution
		Debug|Win32 = Debug|Win32
		Release|Win32 = Release|Win32
	EndGlobalSection
	GlobalSection(ProjectConfigurationPlatforms) = postSolution
		{0966CADF-B2A0-49AC-9578-F499A6D8D123}.Debug|Win32.ActiveCfg = Debug|Win32
		{0966CADF-B2A0-49AC-9578-F499A6D8D123}.Debug|Win32.Build.0 = Debug|Win32
		{0966CADF-B2A0-49AC-9578-F499A6D8D123}.Release|Win32.ActiveCfg = Release|Win32
		{0966CADF-B2A0-49AC-9578-F499A6D8D123}.Release|Win32.Build.0 = Release|Win32
	EndGlobalSection
	GlobalSection(SolutionProperties) = preSolution
		HideSolutionNode = FALSE
	EndGlobalSection
	GlobalSection(ExtensibilityGlobals) = postSolution
		SolutionGuid = {E59C9EFE-D999-4B2A-ADA0-0025CA9338E0}
	EndGlobalSection
EndGlobal
