<?xml version="1.0" encoding="utf-8"?>
<Project ToolsVersion="4.0" xmlns="http://schemas.microsoft.com/developer/msbuild/2003">
  <ItemGroup>
    <ClInclude Include="SlidingWindowMinFinder.h" />
    <ClInclude Include="KnuttMorrisPratt.hpp" />
    <ClInclude Include="SingleLinkedList.hpp" />
    <ClInclude Include="Heap.hpp" />
    <ClInclude Include="QuickPower.hpp" />
    <ClInclude Include="QuickSort.hpp" />
    <ClInclude Include="BinarySearch.hpp" />
    <ClInclude Include="SegmentTree.hpp" />
    <ClInclude Include="DisjointSet.hpp" />
    <ClInclude Include="FibonacciHeap.hpp" />
    <ClInclude Include="MaximaIncreasingSubsequence.hpp" />
    <ClInclude Include="geometry\geomvector.hpp" />
    <ClInclude Include="geometry\convexhull.hpp" />
    <ClInclude Include="Sign.hpp" />
    <ClInclude Include="Relax.hpp" />
    <ClInclude Include="SortWithMapping.hpp" />
    <ClInclude Include="Indicator.hpp" />
    <ClInclude Include="FunctorIterator.hpp" />
    <ClInclude Include="graph\ConnectedComponentsDecomposer.hpp" />
    <ClInclude Include="graph\DepthFirstSearch.hpp" />
    <ClInclude Include="graph\Dijkstra.hpp" />
    <ClInclude Include="graph\Graph.hpp" />
    <ClInclude Include="numbertheory\GreatestCommonDivisor.hpp" />
    <ClInclude Include="numbertheory\Residue.hpp" />
    <ClInclude Include="numbertheory\Primes.hpp" />
    <ClInclude Include="graph\TreePreprocessor.hpp" />
    <ClInclude Include="numbertheory\Divisors.hpp" />
  </ItemGroup>
  <ItemGroup>
    <ClCompile Include="MergeSort.hpp" />
  </ItemGroup>
</Project>