<?xml version="1.0" encoding="utf-8"?>
<Project ToolsVersion="4.0" xmlns="http://schemas.microsoft.com/developer/msbuild/2003">
  <ItemGroup>
    <ClCompile Include="MaximalIncreasingSubsequenceTest.cpp" />
    <ClCompile Include="BinarySearchTest.cpp" />
    <ClCompile Include="ConnectedComponentsDecomposerTest.cpp" />
    <ClCompile Include="GraphHelper.cpp" />
    <ClCompile Include="DepthFirstSearchTest.cpp" />
    <ClCompile Include="DisjointSetTest.cpp" />
    <ClCompile Include="FibonacciHeapTest.cpp" />
    <ClCompile Include="HasCycleTest.cpp" />
    <ClCompile Include="HeapTest.cpp" />
    <ClCompile Include="KnuttMorrisPrattTest.cpp" />
    <ClCompile Include="MergeSortTest.cpp" />
    <ClCompile Include="QuickPowerTest.cpp" />
    <ClCompile Include="QuickSortTest.cpp" />
    <ClCompile Include="SegmentTreeTest.cpp" />
    <ClCompile Include="SingleLinkedListTest.cpp" />
    <ClCompile Include="SlidingWindowMinFinderTest.cpp" />
    <ClCompile Include="geometry\geomvectortest.cpp" />
    <ClCompile Include="geometry\ConvexHullTest.cpp" />
    <ClCompile Include="TreePreprocessorTest.cpp" />
    <ClCompile Include="ResidueTest.cpp" />
    <ClCompile Include="GreatestCommonDivisorTest.cpp" />
    <ClCompile Include="PrimesTest.cpp" />
    <ClCompile Include="IndicatorTest.cpp" />
    <ClCompile Include="FunctorIteratorTest.cpp" />
    <ClCompile Include="DivisorsTest.cpp" />
    <ClCompile Include="CoprimeTest.cpp" />
    <ClCompile Include="BinaryCubePrefixTest.cpp" />
    <ClCompile Include="FactorialTest.cpp" />
    <ClCompile Include="BinomialCoefficientTest.cpp" />
    <ClCompile Include="MoQueryProcessorTest.cpp" />
    <ClCompile Include="FullBinaryTrieTest.cpp" />
    <ClCompile Include="BipartitionCheckerTest.cpp" />
    <ClCompile Include="AngleSortTest.cpp" />
    <ClCompile Include="DPProcessorTest.cpp" />
    <ClCompile Include="BreadthSearchTest.cpp" />
  </ItemGroup>
  <ItemGroup>
    <ClInclude Include="GraphHelper.h" />
  </ItemGroup>
</Project>